
Microsoft Visual Studio Solution File, Format Version 12.00
# Visual Studio 15
VisualStudioVersion = 15.0.28010.2036
MinimumVisualStudioVersion = 10.0.40219.1
Project("{FAE04EC0-301F-11D3-BF4B-00C04F79EFBC}") = "AbstractFactory", "AbstractBoatFactory\AbstractFactory.csproj", "{177C097E-4142-4988-973D-57E3D3C3867F}"
EndProject
Global
	GlobalSection(SolutionConfigurationPlatforms) = preSolution
		Debug|Any CPU = Debug|Any CPU
		Release|Any CPU = Release|Any CPU
	EndGlobalSection
	GlobalSection(ProjectConfigurationPlatforms) = postSolution
		{177C097E-4142-4988-973D-57E3D3C3867F}.Debug|Any CPU.ActiveCfg = Debug|Any CPU
		{177C097E-4142-4988-973D-57E3D3C3867F}.Debug|Any CPU.Build.0 = Debug|Any CPU
		{177C097E-4142-4988-973D-57E3D3C3867F}.Release|Any CPU.ActiveCfg = Release|Any CPU
		{177C097E-4142-4988-973D-57E3D3C3867F}.Release|Any CPU.Build.0 = Release|Any CPU
	EndGlobalSection
	GlobalSection(SolutionProperties) = preSolution
		HideSolutionNode = FALSE
	EndGlobalSection
	GlobalSection(ExtensibilityGlobals) = postSolution
		SolutionGuid = {88CA0C11-7744-4FF3-B17D-7DD64B508CAB}
	EndGlobalSection
EndGlobal
